// !$*UTF8*$!
{
	archiveVersion = 1;
	classes = {
	};
	objectVersion = 46;
	objects = {

/* Begin PBXBuildFile section */
		8406318D1C5BD2BE00B4AEFC /* XmlOrderParser.swift in Sources */ = {isa = PBXBuildFile; fileRef = 8406318C1C5BD2BE00B4AEFC /* XmlOrderParser.swift */; };
		84087E0D1C6D46A60060B13B /* ContactsViewController.swift in Sources */ = {isa = PBXBuildFile; fileRef = 84087E0C1C6D46A60060B13B /* ContactsViewController.swift */; };
		84087E0F1C6D66EF0060B13B /* ContactUsViewCell.swift in Sources */ = {isa = PBXBuildFile; fileRef = 84087E0E1C6D66EF0060B13B /* ContactUsViewCell.swift */; };
		84098BD81C67875E00000689 /* BaseModel.swift in Sources */ = {isa = PBXBuildFile; fileRef = 84098BD71C67875E00000689 /* BaseModel.swift */; };
		84098BDA1C68326C00000689 /* BusyAlert.swift in Sources */ = {isa = PBXBuildFile; fileRef = 84098BD91C68326C00000689 /* BusyAlert.swift */; };
		84098BDC1C6838B300000689 /* ActivityIndicator.swift in Sources */ = {isa = PBXBuildFile; fileRef = 84098BDB1C6838B300000689 /* ActivityIndicator.swift */; };
		8409ACE21C5B86C600E78C5A /* Order.swift in Sources */ = {isa = PBXBuildFile; fileRef = 8409ACE11C5B86C600E78C5A /* Order.swift */; };
		840A688D1C45F69D0072FC42 /* ItemsBrandTableViewController.swift in Sources */ = {isa = PBXBuildFile; fileRef = 840A688C1C45F69D0072FC42 /* ItemsBrandTableViewController.swift */; };
		840A688F1C45F8A10072FC42 /* BrandItemViewCell.swift in Sources */ = {isa = PBXBuildFile; fileRef = 840A688E1C45F8A10072FC42 /* BrandItemViewCell.swift */; };
		840A68911C45FA4D0072FC42 /* BrandItem.swift in Sources */ = {isa = PBXBuildFile; fileRef = 840A68901C45FA4D0072FC42 /* BrandItem.swift */; };
		840C24C21C6003360048B006 /* ItemPageContentViewController.swift in Sources */ = {isa = PBXBuildFile; fileRef = 840C24C11C6003360048B006 /* ItemPageContentViewController.swift */; };
		840C24C41C6007950048B006 /* ItemPageViewController.swift in Sources */ = {isa = PBXBuildFile; fileRef = 840C24C31C6007950048B006 /* ItemPageViewController.swift */; };
		840C24C61C60124D0048B006 /* ExButton.swift in Sources */ = {isa = PBXBuildFile; fileRef = 840C24C51C60124D0048B006 /* ExButton.swift */; };
		840C24C81C6048B60048B006 /* PageViewController.swift in Sources */ = {isa = PBXBuildFile; fileRef = 840C24C71C6048B60048B006 /* PageViewController.swift */; };
		841474671C61414E00C262FA /* OrderController.swift in Sources */ = {isa = PBXBuildFile; fileRef = 841474661C61414E00C262FA /* OrderController.swift */; };
		841474691C61B2F300C262FA /* ExtTabBarController.swift in Sources */ = {isa = PBXBuildFile; fileRef = 841474681C61B2F300C262FA /* ExtTabBarController.swift */; };
		8424E4E01C61D4C3007FA999 /* MoreTableViewController.swift in Sources */ = {isa = PBXBuildFile; fileRef = 8424E4DF1C61D4C3007FA999 /* MoreTableViewController.swift */; };
		8424E4E21C61D5C6007FA999 /* MoreViewCell.swift in Sources */ = {isa = PBXBuildFile; fileRef = 8424E4E11C61D5C6007FA999 /* MoreViewCell.swift */; };
		842F8BD11C535BF80048BE73 /* Constant.swift in Sources */ = {isa = PBXBuildFile; fileRef = 842F8BD01C535BF80048BE73 /* Constant.swift */; };
		842FA3441C54129E0052E0E6 /* XmlNewsPostParser.swift in Sources */ = {isa = PBXBuildFile; fileRef = 842FA3431C54129E0052E0E6 /* XmlNewsPostParser.swift */; };
		842FA3461C5413A60052E0E6 /* NewsPost.swift in Sources */ = {isa = PBXBuildFile; fileRef = 842FA3451C5413A60052E0E6 /* NewsPost.swift */; };
		842FACA31C6E42D200B5DFB3 /* UserAccountViewController.swift in Sources */ = {isa = PBXBuildFile; fileRef = 842FACA21C6E42D200B5DFB3 /* UserAccountViewController.swift */; };
		842FC5421C57B5A9008DA664 /* RoundRectButton.swift in Sources */ = {isa = PBXBuildFile; fileRef = 842FC5411C57B5A9008DA664 /* RoundRectButton.swift */; };
		84303FB41C56B2AE0093AA25 /* Helper.swift in Sources */ = {isa = PBXBuildFile; fileRef = 84303FB31C56B2AE0093AA25 /* Helper.swift */; };
		84303FB61C56C21B0093AA25 /* XmlNewsTextParser.swift in Sources */ = {isa = PBXBuildFile; fileRef = 84303FB51C56C21B0093AA25 /* XmlNewsTextParser.swift */; };
		84303FB81C56D1220093AA25 /* SimpleNewsPost.swift in Sources */ = {isa = PBXBuildFile; fileRef = 84303FB71C56D1220093AA25 /* SimpleNewsPost.swift */; };
		8430F44B1C523F4F00586940 /* data.db in Resources */ = {isa = PBXBuildFile; fileRef = 8430F44A1C523F4F00586940 /* data.db */; };
		84313D381C521FC80060B52D /* SQLiteDB.swift in Sources */ = {isa = PBXBuildFile; fileRef = 84313D361C521FC80060B52D /* SQLiteDB.swift */; };
		84313D391C521FC80060B52D /* String-Extras.swift in Sources */ = {isa = PBXBuildFile; fileRef = 84313D371C521FC80060B52D /* String-Extras.swift */; };
		84313D3B1C521FEB0060B52D /* libsqlite3.0.tbd in Frameworks */ = {isa = PBXBuildFile; fileRef = 84313D3A1C521FEB0060B52D /* libsqlite3.0.tbd */; };
		84313D3E1C5223A90060B52D /* DBWishProductTable.swift in Sources */ = {isa = PBXBuildFile; fileRef = 84313D3D1C5223A90060B52D /* DBWishProductTable.swift */; };
		84313D401C5224900060B52D /* WishItem.swift in Sources */ = {isa = PBXBuildFile; fileRef = 84313D3F1C5224900060B52D /* WishItem.swift */; };
		843164B21C65961000D57E8A /* XmlStateParser.swift in Sources */ = {isa = PBXBuildFile; fileRef = 843164B11C65961000D57E8A /* XmlStateParser.swift */; };
		8431B4F81C44661A00398526 /* AppDelegate.swift in Sources */ = {isa = PBXBuildFile; fileRef = 8431B4F71C44661A00398526 /* AppDelegate.swift */; };
		8431B4FF1C44661A00398526 /* Main.storyboard in Resources */ = {isa = PBXBuildFile; fileRef = 8431B4FD1C44661A00398526 /* Main.storyboard */; };
		8431B5011C44661A00398526 /* Assets.xcassets in Resources */ = {isa = PBXBuildFile; fileRef = 8431B5001C44661A00398526 /* Assets.xcassets */; };
		8431B5041C44661A00398526 /* LaunchScreen.storyboard in Resources */ = {isa = PBXBuildFile; fileRef = 8431B5021C44661A00398526 /* LaunchScreen.storyboard */; };
		8431B50F1C44661A00398526 /* illuminataeyewearTests.swift in Sources */ = {isa = PBXBuildFile; fileRef = 8431B50E1C44661A00398526 /* illuminataeyewearTests.swift */; };
		8431B51A1C44661A00398526 /* illuminataeyewearUITests.swift in Sources */ = {isa = PBXBuildFile; fileRef = 8431B5191C44661A00398526 /* illuminataeyewearUITests.swift */; };
		8431CE011C669C080042B41A /* XmlUserAdddressParser.swift in Sources */ = {isa = PBXBuildFile; fileRef = 8431CE001C669C080042B41A /* XmlUserAdddressParser.swift */; };
		8432A9091C5177D3009FADAC /* IlluminCoreData.xcdatamodeld in Sources */ = {isa = PBXBuildFile; fileRef = 8432A9071C5177D3009FADAC /* IlluminCoreData.xcdatamodeld */; };
		8432A90C1C517820009FADAC /* WishProduct+CoreDataProperties.swift in Sources */ = {isa = PBXBuildFile; fileRef = 8432A90A1C517820009FADAC /* WishProduct+CoreDataProperties.swift */; };
		8432A90D1C517820009FADAC /* WishProduct.swift in Sources */ = {isa = PBXBuildFile; fileRef = 8432A90B1C517820009FADAC /* WishProduct.swift */; };
		8432B7CB1C658721006C8B61 /* State.swift in Sources */ = {isa = PBXBuildFile; fileRef = 8432B7CA1C658721006C8B61 /* State.swift */; };
		843366E51C52A91B001E917E /* WishItemViewCell.swift in Sources */ = {isa = PBXBuildFile; fileRef = 843366E41C52A91B001E917E /* WishItemViewCell.swift */; };
		843366E71C52B04A001E917E /* XmlBrandtParser.swift in Sources */ = {isa = PBXBuildFile; fileRef = 843366E61C52B04A001E917E /* XmlBrandtParser.swift */; };
		843372781C525DCD0017F2A1 /* WishListTableViewController.swift in Sources */ = {isa = PBXBuildFile; fileRef = 843372771C525DCD0017F2A1 /* WishListTableViewController.swift */; };
		8433A1C91C563B5E009EFCE6 /* HomeTableViewController.swift in Sources */ = {isa = PBXBuildFile; fileRef = 8433A1C81C563B5E009EFCE6 /* HomeTableViewController.swift */; };
		8433A1CB1C565435009EFCE6 /* NewsPostViewCell.swift in Sources */ = {isa = PBXBuildFile; fileRef = 8433A1CA1C565435009EFCE6 /* NewsPostViewCell.swift */; };
		843460831C77848400D4D373 /* ShippingMethodViewController.swift in Sources */ = {isa = PBXBuildFile; fileRef = 843460821C77848400D4D373 /* ShippingMethodViewController.swift */; };
		8435256D1C4DC2DA0072B16B /* ItemDetailViewController.swift in Sources */ = {isa = PBXBuildFile; fileRef = 8435256C1C4DC2DA0072B16B /* ItemDetailViewController.swift */; };
		843525711C4E264A0072B16B /* Extension.swift in Sources */ = {isa = PBXBuildFile; fileRef = 843525701C4E264A0072B16B /* Extension.swift */; };
		843525751C4E30A30072B16B /* PriceItem.swift in Sources */ = {isa = PBXBuildFile; fileRef = 843525741C4E30A30072B16B /* PriceItem.swift */; };
		843525781C4E3A750072B16B /* XmlPriceParser.swift in Sources */ = {isa = PBXBuildFile; fileRef = 843525771C4E3A750072B16B /* XmlPriceParser.swift */; };
		84356AA11C73F882000A2D16 /* ShippingAddress.swift in Sources */ = {isa = PBXBuildFile; fileRef = 84356AA01C73F882000A2D16 /* ShippingAddress.swift */; };
		84356AA31C73FAAD000A2D16 /* XmlShippingAddressParser.swift in Sources */ = {isa = PBXBuildFile; fileRef = 84356AA21C73FAAD000A2D16 /* XmlShippingAddressParser.swift */; };
		84356AA51C74046F000A2D16 /* BillingAddress.swift in Sources */ = {isa = PBXBuildFile; fileRef = 84356AA41C74046F000A2D16 /* BillingAddress.swift */; };
		84356AA71C7404C8000A2D16 /* XmlBillingAddressParser.swift in Sources */ = {isa = PBXBuildFile; fileRef = 84356AA61C7404C8000A2D16 /* XmlBillingAddressParser.swift */; };
		843CA3C11C6A3A7E005E6923 /* XmlProductVariationParser.swift in Sources */ = {isa = PBXBuildFile; fileRef = 843CA3C01C6A3A7E005E6923 /* XmlProductVariationParser.swift */; };
		843CA3C31C6A419F005E6923 /* ProductVariationValue.swift in Sources */ = {isa = PBXBuildFile; fileRef = 843CA3C21C6A419F005E6923 /* ProductVariationValue.swift */; };
		843CA3C51C6A438D005E6923 /* XmlProductVariationValueParser.swift in Sources */ = {isa = PBXBuildFile; fileRef = 843CA3C41C6A438D005E6923 /* XmlProductVariationValueParser.swift */; };
		847562931C7649160088A9C7 /* UserTransactionTableViewController.swift in Sources */ = {isa = PBXBuildFile; fileRef = 847562921C7649160088A9C7 /* UserTransactionTableViewController.swift */; };
		847562951C764F3D0088A9C7 /* TransactionViewCell.swift in Sources */ = {isa = PBXBuildFile; fileRef = 847562941C764F3D0088A9C7 /* TransactionViewCell.swift */; };
		847562971C76534D0088A9C7 /* AboutViewController.swift in Sources */ = {isa = PBXBuildFile; fileRef = 847562961C76534D0088A9C7 /* AboutViewController.swift */; };
		849506CC1C57F0E200B81E4E /* Kanna.framework in Frameworks */ = {isa = PBXBuildFile; fileRef = 849506CB1C57F0E200B81E4E /* Kanna.framework */; settings = {ATTRIBUTES = (Weak, ); }; };
		849506CE1C580F4800B81E4E /* NewsDetailsViewController.swift in Sources */ = {isa = PBXBuildFile; fileRef = 849506CD1C580F4800B81E4E /* NewsDetailsViewController.swift */; };
		849618161C5C3363009CBD0D /* ShopingCartViewController.swift in Sources */ = {isa = PBXBuildFile; fileRef = 849618151C5C3363009CBD0D /* ShopingCartViewController.swift */; };
		849618181C5C3550009CBD0D /* OrderViewCell.swift in Sources */ = {isa = PBXBuildFile; fileRef = 849618171C5C3550009CBD0D /* OrderViewCell.swift */; };
		849A68711C60D8F000C8B7F9 /* User.swift in Sources */ = {isa = PBXBuildFile; fileRef = 849A68701C60D8F000C8B7F9 /* User.swift */; };
		849A68731C60D91B00C8B7F9 /* XmlUserParser.swift in Sources */ = {isa = PBXBuildFile; fileRef = 849A68721C60D91B00C8B7F9 /* XmlUserParser.swift */; };
		849A68761C60DF0100C8B7F9 /* UserController.swift in Sources */ = {isa = PBXBuildFile; fileRef = 849A68751C60DF0100C8B7F9 /* UserController.swift */; };
		849A68781C60F90900C8B7F9 /* DBUserTable.swift in Sources */ = {isa = PBXBuildFile; fileRef = 849A68771C60F90900C8B7F9 /* DBUserTable.swift */; };
		849CCA241C45B1F000B04589 /* Brand.swift in Sources */ = {isa = PBXBuildFile; fileRef = 849CCA231C45B1F000B04589 /* Brand.swift */; };
		849CCA271C45B3B900B04589 /* BrandViewCell.swift in Sources */ = {isa = PBXBuildFile; fileRef = 849CCA261C45B3B900B04589 /* BrandViewCell.swift */; };
		849CCA291C45B3FB00B04589 /* LoginViewController.swift in Sources */ = {isa = PBXBuildFile; fileRef = 849CCA281C45B3FB00B04589 /* LoginViewController.swift */; };
		849CCA2B1C45C4C500B04589 /* BrandTableViewController.swift in Sources */ = {isa = PBXBuildFile; fileRef = 849CCA2A1C45C4C500B04589 /* BrandTableViewController.swift */; };
		84BF46A91C710387003ABA67 /* PayPal.swift in Sources */ = {isa = PBXBuildFile; fileRef = 84BF46A81C710387003ABA67 /* PayPal.swift */; };
		84BF46AB1C71199A003ABA67 /* RoundRectLabel.swift in Sources */ = {isa = PBXBuildFile; fileRef = 84BF46AA1C71199A003ABA67 /* RoundRectLabel.swift */; };
		84C84BAA1C65E8EA00B14E70 /* LiveCartController.swift in Sources */ = {isa = PBXBuildFile; fileRef = 84C84BA91C65E8EA00B14E70 /* LiveCartController.swift */; };
		84C84BAC1C65EA1400B14E70 /* Country.swift in Sources */ = {isa = PBXBuildFile; fileRef = 84C84BAB1C65EA1400B14E70 /* Country.swift */; };
		84C84BAE1C65EB0300B14E70 /* XmlCountryParser.swift in Sources */ = {isa = PBXBuildFile; fileRef = 84C84BAD1C65EB0300B14E70 /* XmlCountryParser.swift */; };
		84C84C7A1C75391500AC71AD /* FeatureProductViewCell.swift in Sources */ = {isa = PBXBuildFile; fileRef = 84C84C791C75391500AC71AD /* FeatureProductViewCell.swift */; };
		84D340C51C701F2300AF216A /* Transaction.swift in Sources */ = {isa = PBXBuildFile; fileRef = 84D340C41C701F2300AF216A /* Transaction.swift */; };
		84D340C71C70240B00AF216A /* XmlTransactionParser.swift in Sources */ = {isa = PBXBuildFile; fileRef = 84D340C61C70240B00AF216A /* XmlTransactionParser.swift */; };
		84D883011C6A217800A873A2 /* ProductVariation.swift in Sources */ = {isa = PBXBuildFile; fileRef = 84D883001C6A217800A873A2 /* ProductVariation.swift */; };
		84DFDEE71C642ED30032D746 /* CheckoutViewController.swift in Sources */ = {isa = PBXBuildFile; fileRef = 84DFDEE61C642ED30032D746 /* CheckoutViewController.swift */; };
		84DFDEE91C6430110032D746 /* ProductItemViewCell.swift in Sources */ = {isa = PBXBuildFile; fileRef = 84DFDEE81C6430110032D746 /* ProductItemViewCell.swift */; };
		84DFDEEB1C64396C0032D746 /* CustomerAddressCellView.swift in Sources */ = {isa = PBXBuildFile; fileRef = 84DFDEEA1C64396C0032D746 /* CustomerAddressCellView.swift */; };
		84DFDEEE1C643B550032D746 /* UserAddress.swift in Sources */ = {isa = PBXBuildFile; fileRef = 84DFDEED1C643B550032D746 /* UserAddress.swift */; };
		84E663281C64F1CB00785A80 /* OrderTotalViewCell.swift in Sources */ = {isa = PBXBuildFile; fileRef = 84E663271C64F1CB00785A80 /* OrderTotalViewCell.swift */; };
		84E6632A1C65253B00785A80 /* PlaceOrderCellView.swift in Sources */ = {isa = PBXBuildFile; fileRef = 84E663291C65253B00785A80 /* PlaceOrderCellView.swift */; };
		84E663381C653FFA00785A80 /* Accelerate.framework in Frameworks */ = {isa = PBXBuildFile; fileRef = 84E6632F1C653FFA00785A80 /* Accelerate.framework */; };
		84E663391C653FFA00785A80 /* AudioToolbox.framework in Frameworks */ = {isa = PBXBuildFile; fileRef = 84E663301C653FFA00785A80 /* AudioToolbox.framework */; };
		84E6633A1C653FFA00785A80 /* AVFoundation.framework in Frameworks */ = {isa = PBXBuildFile; fileRef = 84E663311C653FFA00785A80 /* AVFoundation.framework */; };
		84E6633B1C653FFA00785A80 /* CoreLocation.framework in Frameworks */ = {isa = PBXBuildFile; fileRef = 84E663321C653FFA00785A80 /* CoreLocation.framework */; };
		84E6633C1C653FFA00785A80 /* CoreMedia.framework in Frameworks */ = {isa = PBXBuildFile; fileRef = 84E663331C653FFA00785A80 /* CoreMedia.framework */; };
		84E6633D1C653FFA00785A80 /* MessageUI.framework in Frameworks */ = {isa = PBXBuildFile; fileRef = 84E663341C653FFA00785A80 /* MessageUI.framework */; };
		84E6633E1C653FFA00785A80 /* MobileCoreServices.framework in Frameworks */ = {isa = PBXBuildFile; fileRef = 84E663351C653FFA00785A80 /* MobileCoreServices.framework */; };
		84E6633F1C653FFA00785A80 /* SafariServices.framework in Frameworks */ = {isa = PBXBuildFile; fileRef = 84E663361C653FFA00785A80 /* SafariServices.framework */; };
		84E663401C653FFA00785A80 /* SystemConfiguration.framework in Frameworks */ = {isa = PBXBuildFile; fileRef = 84E663371C653FFA00785A80 /* SystemConfiguration.framework */; };
		84FF032E1C62E49E003134E0 /* ShippingAddressViewController.swift in Sources */ = {isa = PBXBuildFile; fileRef = 84FF032D1C62E49E003134E0 /* ShippingAddressViewController.swift */; };
		94A19776719DFC689F074050 /* Pods_illuminataeyewear.framework in Frameworks */ = {isa = PBXBuildFile; fileRef = C53C7E8282D1DB32BD8719EA /* Pods_illuminataeyewear.framework */; };
/* End PBXBuildFile section */

/* Begin PBXContainerItemProxy section */
		8431B50B1C44661A00398526 /* PBXContainerItemProxy */ = {
			isa = PBXContainerItemProxy;
			containerPortal = 8431B4EC1C44661A00398526 /* Project object */;
			proxyType = 1;
			remoteGlobalIDString = 8431B4F31C44661A00398526;
			remoteInfo = illuminataeyewear;
		};
		8431B5161C44661A00398526 /* PBXContainerItemProxy */ = {
			isa = PBXContainerItemProxy;
			containerPortal = 8431B4EC1C44661A00398526 /* Project object */;
			proxyType = 1;
			remoteGlobalIDString = 8431B4F31C44661A00398526;
			remoteInfo = illuminataeyewear;
		};
/* End PBXContainerItemProxy section */

/* Begin PBXFileReference section */
		0E869747157E8CA1D9F787F0 /* Pods.framework */ = {isa = PBXFileReference; explicitFileType = wrapper.framework; includeInIndex = 0; path = Pods.framework; sourceTree = BUILT_PRODUCTS_DIR; };
		25710B0A3F71DF54BD23B581 /* Pods-illuminataeyewear.release.xcconfig */ = {isa = PBXFileReference; includeInIndex = 1; lastKnownFileType = text.xcconfig; name = "Pods-illuminataeyewear.release.xcconfig"; path = "Pods/Target Support Files/Pods-illuminataeyewear/Pods-illuminataeyewear.release.xcconfig"; sourceTree = "<group>"; };
		3ADEBFEB91003F9C990B09F1 /* Pods-illuminataeyewear.debug.xcconfig */ = {isa = PBXFileReference; includeInIndex = 1; lastKnownFileType = text.xcconfig; name = "Pods-illuminataeyewear.debug.xcconfig"; path = "Pods/Target Support Files/Pods-illuminataeyewear/Pods-illuminataeyewear.debug.xcconfig"; sourceTree = "<group>"; };
		8406318C1C5BD2BE00B4AEFC /* XmlOrderParser.swift */ = {isa = PBXFileReference; fileEncoding = 4; lastKnownFileType = sourcecode.swift; name = XmlOrderParser.swift; path = XMLDataParsers/XmlOrderParser.swift; sourceTree = "<group>"; };
		84087E0C1C6D46A60060B13B /* ContactsViewController.swift */ = {isa = PBXFileReference; fileEncoding = 4; lastKnownFileType = sourcecode.swift; name = ContactsViewController.swift; path = View/ViewController/ContactsViewController.swift; sourceTree = "<group>"; };
		84087E0E1C6D66EF0060B13B /* ContactUsViewCell.swift */ = {isa = PBXFileReference; fileEncoding = 4; lastKnownFileType = sourcecode.swift; name = ContactUsViewCell.swift; path = View/ViewCell/ContactUsViewCell.swift; sourceTree = "<group>"; };
		84098BD71C67875E00000689 /* BaseModel.swift */ = {isa = PBXFileReference; fileEncoding = 4; lastKnownFileType = sourcecode.swift; name = BaseModel.swift; path = Model/BaseModel.swift; sourceTree = "<group>"; };
		84098BD91C68326C00000689 /* BusyAlert.swift */ = {isa = PBXFileReference; fileEncoding = 4; lastKnownFileType = sourcecode.swift; name = BusyAlert.swift; path = CustomUI/BusyAlert.swift; sourceTree = "<group>"; };
		84098BDB1C6838B300000689 /* ActivityIndicator.swift */ = {isa = PBXFileReference; fileEncoding = 4; lastKnownFileType = sourcecode.swift; name = ActivityIndicator.swift; path = CustomUI/ActivityIndicator.swift; sourceTree = "<group>"; };
		8409ACE11C5B86C600E78C5A /* Order.swift */ = {isa = PBXFileReference; fileEncoding = 4; lastKnownFileType = sourcecode.swift; name = Order.swift; path = Model/Order.swift; sourceTree = "<group>"; };
		840A688C1C45F69D0072FC42 /* ItemsBrandTableViewController.swift */ = {isa = PBXFileReference; fileEncoding = 4; lastKnownFileType = sourcecode.swift; name = ItemsBrandTableViewController.swift; path = View/ViewController/ItemsBrandTableViewController.swift; sourceTree = "<group>"; };
		840A688E1C45F8A10072FC42 /* BrandItemViewCell.swift */ = {isa = PBXFileReference; fileEncoding = 4; lastKnownFileType = sourcecode.swift; name = BrandItemViewCell.swift; path = View/ViewCell/BrandItemViewCell.swift; sourceTree = "<group>"; };
		840A68901C45FA4D0072FC42 /* BrandItem.swift */ = {isa = PBXFileReference; fileEncoding = 4; lastKnownFileType = sourcecode.swift; name = BrandItem.swift; path = Model/BrandItem.swift; sourceTree = "<group>"; };
		840C24C11C6003360048B006 /* ItemPageContentViewController.swift */ = {isa = PBXFileReference; fileEncoding = 4; lastKnownFileType = sourcecode.swift; name = ItemPageContentViewController.swift; path = View/ViewController/ItemPageContentViewController.swift; sourceTree = "<group>"; };
		840C24C31C6007950048B006 /* ItemPageViewController.swift */ = {isa = PBXFileReference; fileEncoding = 4; lastKnownFileType = sourcecode.swift; name = ItemPageViewController.swift; path = View/ViewController/ItemPageViewController.swift; sourceTree = "<group>"; };
		840C24C51C60124D0048B006 /* ExButton.swift */ = {isa = PBXFileReference; fileEncoding = 4; lastKnownFileType = sourcecode.swift; name = ExButton.swift; path = CustomUI/ExButton.swift; sourceTree = "<group>"; };
		840C24C71C6048B60048B006 /* PageViewController.swift */ = {isa = PBXFileReference; fileEncoding = 4; lastKnownFileType = sourcecode.swift; name = PageViewController.swift; path = CustomUI/PageViewController.swift; sourceTree = "<group>"; };
		841474661C61414E00C262FA /* OrderController.swift */ = {isa = PBXFileReference; fileEncoding = 4; lastKnownFileType = sourcecode.swift; name = OrderController.swift; path = Controller/OrderController.swift; sourceTree = "<group>"; };
		841474681C61B2F300C262FA /* ExtTabBarController.swift */ = {isa = PBXFileReference; fileEncoding = 4; lastKnownFileType = sourcecode.swift; name = ExtTabBarController.swift; path = View/ViewController/ExtTabBarController.swift; sourceTree = "<group>"; };
		8424E4DF1C61D4C3007FA999 /* MoreTableViewController.swift */ = {isa = PBXFileReference; fileEncoding = 4; lastKnownFileType = sourcecode.swift; name = MoreTableViewController.swift; path = View/ViewController/MoreTableViewController.swift; sourceTree = "<group>"; };
		8424E4E11C61D5C6007FA999 /* MoreViewCell.swift */ = {isa = PBXFileReference; fileEncoding = 4; lastKnownFileType = sourcecode.swift; name = MoreViewCell.swift; path = View/ViewCell/MoreViewCell.swift; sourceTree = "<group>"; };
		842F8BD01C535BF80048BE73 /* Constant.swift */ = {isa = PBXFileReference; fileEncoding = 4; lastKnownFileType = sourcecode.swift; name = Constant.swift; path = common/Constant.swift; sourceTree = "<group>"; };
		842FA3431C54129E0052E0E6 /* XmlNewsPostParser.swift */ = {isa = PBXFileReference; fileEncoding = 4; lastKnownFileType = sourcecode.swift; name = XmlNewsPostParser.swift; path = XMLDataParsers/XmlNewsPostParser.swift; sourceTree = "<group>"; };
		842FA3451C5413A60052E0E6 /* NewsPost.swift */ = {isa = PBXFileReference; fileEncoding = 4; lastKnownFileType = sourcecode.swift; name = NewsPost.swift; path = Model/NewsPost.swift; sourceTree = "<group>"; };
		842FACA21C6E42D200B5DFB3 /* UserAccountViewController.swift */ = {isa = PBXFileReference; fileEncoding = 4; lastKnownFileType = sourcecode.swift; name = UserAccountViewController.swift; path = View/ViewController/UserAccountViewController.swift; sourceTree = "<group>"; };
		842FC5411C57B5A9008DA664 /* RoundRectButton.swift */ = {isa = PBXFileReference; fileEncoding = 4; lastKnownFileType = sourcecode.swift; name = RoundRectButton.swift; path = CustomUI/RoundRectButton.swift; sourceTree = "<group>"; };
		84303FB31C56B2AE0093AA25 /* Helper.swift */ = {isa = PBXFileReference; fileEncoding = 4; lastKnownFileType = sourcecode.swift; name = Helper.swift; path = common/Helper.swift; sourceTree = "<group>"; };
		84303FB51C56C21B0093AA25 /* XmlNewsTextParser.swift */ = {isa = PBXFileReference; fileEncoding = 4; lastKnownFileType = sourcecode.swift; name = XmlNewsTextParser.swift; path = XMLDataParsers/XmlNewsTextParser.swift; sourceTree = "<group>"; };
		84303FB71C56D1220093AA25 /* SimpleNewsPost.swift */ = {isa = PBXFileReference; fileEncoding = 4; lastKnownFileType = sourcecode.swift; name = SimpleNewsPost.swift; path = Model/SimpleNewsPost.swift; sourceTree = "<group>"; };
		8430F44A1C523F4F00586940 /* data.db */ = {isa = PBXFileReference; lastKnownFileType = file; path = data.db; sourceTree = "<group>"; };
		84313D361C521FC80060B52D /* SQLiteDB.swift */ = {isa = PBXFileReference; fileEncoding = 4; lastKnownFileType = sourcecode.swift; name = SQLiteDB.swift; path = DBHelper/SQLiteDB.swift; sourceTree = "<group>"; };
		84313D371C521FC80060B52D /* String-Extras.swift */ = {isa = PBXFileReference; fileEncoding = 4; lastKnownFileType = sourcecode.swift; name = "String-Extras.swift"; path = "DBHelper/String-Extras.swift"; sourceTree = "<group>"; };
		84313D3A1C521FEB0060B52D /* libsqlite3.0.tbd */ = {isa = PBXFileReference; lastKnownFileType = "sourcecode.text-based-dylib-definition"; name = libsqlite3.0.tbd; path = usr/lib/libsqlite3.0.tbd; sourceTree = SDKROOT; };
		84313D3C1C5222C60060B52D /* Bridging-Header.h */ = {isa = PBXFileReference; fileEncoding = 4; lastKnownFileType = sourcecode.c.h; name = "Bridging-Header.h"; path = "DBHelper/Bridging-Header.h"; sourceTree = "<group>"; };
		84313D3D1C5223A90060B52D /* DBWishProductTable.swift */ = {isa = PBXFileReference; fileEncoding = 4; lastKnownFileType = sourcecode.swift; name = DBWishProductTable.swift; path = DBHelper/DBWishProductTable.swift; sourceTree = "<group>"; };
		84313D3F1C5224900060B52D /* WishItem.swift */ = {isa = PBXFileReference; fileEncoding = 4; lastKnownFileType = sourcecode.swift; name = WishItem.swift; path = Model/WishItem.swift; sourceTree = "<group>"; };
		843164B11C65961000D57E8A /* XmlStateParser.swift */ = {isa = PBXFileReference; fileEncoding = 4; lastKnownFileType = sourcecode.swift; name = XmlStateParser.swift; path = XMLDataParsers/XmlStateParser.swift; sourceTree = "<group>"; };
		8431B4F71C44661A00398526 /* AppDelegate.swift */ = {isa = PBXFileReference; lastKnownFileType = sourcecode.swift; path = AppDelegate.swift; sourceTree = "<group>"; };
		8431B4FE1C44661A00398526 /* Base */ = {isa = PBXFileReference; lastKnownFileType = file.storyboard; name = Base; path = Base.lproj/Main.storyboard; sourceTree = "<group>"; };
		8431B5001C44661A00398526 /* Assets.xcassets */ = {isa = PBXFileReference; lastKnownFileType = folder.assetcatalog; path = Assets.xcassets; sourceTree = "<group>"; };
		8431B5031C44661A00398526 /* Base */ = {isa = PBXFileReference; lastKnownFileType = file.storyboard; name = Base; path = Base.lproj/LaunchScreen.storyboard; sourceTree = "<group>"; };
		8431B5051C44661A00398526 /* Info.plist */ = {isa = PBXFileReference; lastKnownFileType = text.plist.xml; path = Info.plist; sourceTree = "<group>"; };
		8431B50E1C44661A00398526 /* illuminataeyewearTests.swift */ = {isa = PBXFileReference; lastKnownFileType = sourcecode.swift; path = illuminataeyewearTests.swift; sourceTree = "<group>"; };
		8431B5101C44661A00398526 /* Info.plist */ = {isa = PBXFileReference; lastKnownFileType = text.plist.xml; path = Info.plist; sourceTree = "<group>"; };
		8431B5191C44661A00398526 /* illuminataeyewearUITests.swift */ = {isa = PBXFileReference; lastKnownFileType = sourcecode.swift; path = illuminataeyewearUITests.swift; sourceTree = "<group>"; };
		8431B51B1C44661A00398526 /* Info.plist */ = {isa = PBXFileReference; lastKnownFileType = text.plist.xml; path = Info.plist; sourceTree = "<group>"; };
		8431B53C1C44A42700398526 /* illuminataeyewear.app */ = {isa = PBXFileReference; explicitFileType = wrapper.application; includeInIndex = 0; path = illuminataeyewear.app; sourceTree = BUILT_PRODUCTS_DIR; };
		8431CE001C669C080042B41A /* XmlUserAdddressParser.swift */ = {isa = PBXFileReference; fileEncoding = 4; lastKnownFileType = sourcecode.swift; name = XmlUserAdddressParser.swift; path = XMLDataParsers/XmlUserAdddressParser.swift; sourceTree = "<group>"; };
		8432A9081C5177D3009FADAC /* IlluminCoreData.xcdatamodel */ = {isa = PBXFileReference; lastKnownFileType = wrapper.xcdatamodel; path = IlluminCoreData.xcdatamodel; sourceTree = "<group>"; };
		8432A90A1C517820009FADAC /* WishProduct+CoreDataProperties.swift */ = {isa = PBXFileReference; fileEncoding = 4; lastKnownFileType = sourcecode.swift; path = "WishProduct+CoreDataProperties.swift"; sourceTree = "<group>"; };
		8432A90B1C517820009FADAC /* WishProduct.swift */ = {isa = PBXFileReference; fileEncoding = 4; lastKnownFileType = sourcecode.swift; path = WishProduct.swift; sourceTree = "<group>"; };
		8432B7CA1C658721006C8B61 /* State.swift */ = {isa = PBXFileReference; fileEncoding = 4; lastKnownFileType = sourcecode.swift; name = State.swift; path = Model/State.swift; sourceTree = "<group>"; };
		843366E41C52A91B001E917E /* WishItemViewCell.swift */ = {isa = PBXFileReference; fileEncoding = 4; lastKnownFileType = sourcecode.swift; name = WishItemViewCell.swift; path = View/ViewCell/WishItemViewCell.swift; sourceTree = "<group>"; };
		843366E61C52B04A001E917E /* XmlBrandtParser.swift */ = {isa = PBXFileReference; fileEncoding = 4; lastKnownFileType = sourcecode.swift; name = XmlBrandtParser.swift; path = XMLDataParsers/XmlBrandtParser.swift; sourceTree = "<group>"; };
		843372771C525DCD0017F2A1 /* WishListTableViewController.swift */ = {isa = PBXFileReference; fileEncoding = 4; lastKnownFileType = sourcecode.swift; name = WishListTableViewController.swift; path = View/ViewController/WishListTableViewController.swift; sourceTree = "<group>"; };
		8433A1C81C563B5E009EFCE6 /* HomeTableViewController.swift */ = {isa = PBXFileReference; fileEncoding = 4; lastKnownFileType = sourcecode.swift; name = HomeTableViewController.swift; path = View/ViewController/HomeTableViewController.swift; sourceTree = "<group>"; };
		8433A1CA1C565435009EFCE6 /* NewsPostViewCell.swift */ = {isa = PBXFileReference; fileEncoding = 4; lastKnownFileType = sourcecode.swift; name = NewsPostViewCell.swift; path = View/ViewCell/NewsPostViewCell.swift; sourceTree = "<group>"; };
		843460821C77848400D4D373 /* ShippingMethodViewController.swift */ = {isa = PBXFileReference; fileEncoding = 4; lastKnownFileType = sourcecode.swift; name = ShippingMethodViewController.swift; path = View/ViewController/ShippingMethodViewController.swift; sourceTree = "<group>"; };
		8435256C1C4DC2DA0072B16B /* ItemDetailViewController.swift */ = {isa = PBXFileReference; fileEncoding = 4; lastKnownFileType = sourcecode.swift; name = ItemDetailViewController.swift; path = View/ViewController/ItemDetailViewController.swift; sourceTree = "<group>"; };
		843525701C4E264A0072B16B /* Extension.swift */ = {isa = PBXFileReference; fileEncoding = 4; lastKnownFileType = sourcecode.swift; name = Extension.swift; path = common/Extension.swift; sourceTree = "<group>"; };
		843525741C4E30A30072B16B /* PriceItem.swift */ = {isa = PBXFileReference; fileEncoding = 4; lastKnownFileType = sourcecode.swift; name = PriceItem.swift; path = Model/PriceItem.swift; sourceTree = "<group>"; };
		843525771C4E3A750072B16B /* XmlPriceParser.swift */ = {isa = PBXFileReference; fileEncoding = 4; lastKnownFileType = sourcecode.swift; name = XmlPriceParser.swift; path = XMLDataParsers/XmlPriceParser.swift; sourceTree = "<group>"; };
		84356AA01C73F882000A2D16 /* ShippingAddress.swift */ = {isa = PBXFileReference; fileEncoding = 4; lastKnownFileType = sourcecode.swift; name = ShippingAddress.swift; path = Model/ShippingAddress.swift; sourceTree = "<group>"; };
		84356AA21C73FAAD000A2D16 /* XmlShippingAddressParser.swift */ = {isa = PBXFileReference; fileEncoding = 4; lastKnownFileType = sourcecode.swift; name = XmlShippingAddressParser.swift; path = XMLDataParsers/XmlShippingAddressParser.swift; sourceTree = "<group>"; };
		84356AA41C74046F000A2D16 /* BillingAddress.swift */ = {isa = PBXFileReference; fileEncoding = 4; lastKnownFileType = sourcecode.swift; name = BillingAddress.swift; path = Model/BillingAddress.swift; sourceTree = "<group>"; };
		84356AA61C7404C8000A2D16 /* XmlBillingAddressParser.swift */ = {isa = PBXFileReference; fileEncoding = 4; lastKnownFileType = sourcecode.swift; name = XmlBillingAddressParser.swift; path = XMLDataParsers/XmlBillingAddressParser.swift; sourceTree = "<group>"; };
		843CA3C01C6A3A7E005E6923 /* XmlProductVariationParser.swift */ = {isa = PBXFileReference; fileEncoding = 4; lastKnownFileType = sourcecode.swift; name = XmlProductVariationParser.swift; path = XMLDataParsers/XmlProductVariationParser.swift; sourceTree = "<group>"; };
		843CA3C21C6A419F005E6923 /* ProductVariationValue.swift */ = {isa = PBXFileReference; fileEncoding = 4; lastKnownFileType = sourcecode.swift; name = ProductVariationValue.swift; path = Model/ProductVariationValue.swift; sourceTree = "<group>"; };
		843CA3C41C6A438D005E6923 /* XmlProductVariationValueParser.swift */ = {isa = PBXFileReference; fileEncoding = 4; lastKnownFileType = sourcecode.swift; name = XmlProductVariationValueParser.swift; path = XMLDataParsers/XmlProductVariationValueParser.swift; sourceTree = "<group>"; };
		847562921C7649160088A9C7 /* UserTransactionTableViewController.swift */ = {isa = PBXFileReference; fileEncoding = 4; lastKnownFileType = sourcecode.swift; name = UserTransactionTableViewController.swift; path = View/ViewController/UserTransactionTableViewController.swift; sourceTree = "<group>"; };
		847562941C764F3D0088A9C7 /* TransactionViewCell.swift */ = {isa = PBXFileReference; fileEncoding = 4; lastKnownFileType = sourcecode.swift; name = TransactionViewCell.swift; path = View/ViewCell/TransactionViewCell.swift; sourceTree = "<group>"; };
		847562961C76534D0088A9C7 /* AboutViewController.swift */ = {isa = PBXFileReference; fileEncoding = 4; lastKnownFileType = sourcecode.swift; name = AboutViewController.swift; path = View/ViewController/AboutViewController.swift; sourceTree = "<group>"; };
		849506C31C57E64000B81E4E /* Kanna.framework */ = {isa = PBXFileReference; lastKnownFileType = wrapper.framework; name = Kanna.framework; path = "Pods/../build/Release-iphoneos/Kanna.framework"; sourceTree = "<group>"; };
		849506C51C57EE7800B81E4E /* YouTubePlayer.framework */ = {isa = PBXFileReference; lastKnownFileType = wrapper.framework; name = YouTubePlayer.framework; path = "Pods/../build/Debug-iphoneos/YouTubePlayer.framework"; sourceTree = "<group>"; };
		849506C71C57EEB900B81E4E /* Kanna.framework */ = {isa = PBXFileReference; lastKnownFileType = wrapper.framework; name = Kanna.framework; path = "Pods/../build/Debug-iphoneos/Kanna.framework"; sourceTree = "<group>"; };
		849506C91C57EF7400B81E4E /* Kanna.framework */ = {isa = PBXFileReference; lastKnownFileType = wrapper.framework; name = Kanna.framework; path = "Pods/../build/Debug-iphoneos/Kanna.framework"; sourceTree = "<group>"; };
		849506CB1C57F0E200B81E4E /* Kanna.framework */ = {isa = PBXFileReference; lastKnownFileType = wrapper.framework; name = Kanna.framework; path = "Pods/../build/Debug-iphoneos/Kanna.framework"; sourceTree = "<group>"; };
		849506CD1C580F4800B81E4E /* NewsDetailsViewController.swift */ = {isa = PBXFileReference; fileEncoding = 4; lastKnownFileType = sourcecode.swift; name = NewsDetailsViewController.swift; path = View/ViewController/NewsDetailsViewController.swift; sourceTree = "<group>"; };
		849618151C5C3363009CBD0D /* ShopingCartViewController.swift */ = {isa = PBXFileReference; fileEncoding = 4; lastKnownFileType = sourcecode.swift; name = ShopingCartViewController.swift; path = View/ViewController/ShopingCartViewController.swift; sourceTree = "<group>"; };
		849618171C5C3550009CBD0D /* OrderViewCell.swift */ = {isa = PBXFileReference; fileEncoding = 4; lastKnownFileType = sourcecode.swift; name = OrderViewCell.swift; path = View/ViewCell/OrderViewCell.swift; sourceTree = "<group>"; };
		849A68701C60D8F000C8B7F9 /* User.swift */ = {isa = PBXFileReference; fileEncoding = 4; lastKnownFileType = sourcecode.swift; name = User.swift; path = Model/User.swift; sourceTree = "<group>"; };
		849A68721C60D91B00C8B7F9 /* XmlUserParser.swift */ = {isa = PBXFileReference; fileEncoding = 4; lastKnownFileType = sourcecode.swift; name = XmlUserParser.swift; path = XMLDataParsers/XmlUserParser.swift; sourceTree = "<group>"; };
		849A68751C60DF0100C8B7F9 /* UserController.swift */ = {isa = PBXFileReference; fileEncoding = 4; lastKnownFileType = sourcecode.swift; name = UserController.swift; path = Controller/UserController.swift; sourceTree = "<group>"; };
		849A68771C60F90900C8B7F9 /* DBUserTable.swift */ = {isa = PBXFileReference; fileEncoding = 4; lastKnownFileType = sourcecode.swift; name = DBUserTable.swift; path = DBHelper/DBUserTable.swift; sourceTree = "<group>"; };
		849CCA1D1C45911F00B04589 /* illuminataeyewearTests.xctest */ = {isa = PBXFileReference; explicitFileType = wrapper.cfbundle; includeInIndex = 0; path = illuminataeyewearTests.xctest; sourceTree = BUILT_PRODUCTS_DIR; };
		849CCA1E1C45911F00B04589 /* illuminataeyewearUITests.xctest */ = {isa = PBXFileReference; explicitFileType = wrapper.cfbundle; includeInIndex = 0; path = illuminataeyewearUITests.xctest; sourceTree = BUILT_PRODUCTS_DIR; };
		849CCA231C45B1F000B04589 /* Brand.swift */ = {isa = PBXFileReference; fileEncoding = 4; lastKnownFileType = sourcecode.swift; name = Brand.swift; path = Model/Brand.swift; sourceTree = "<group>"; };
		849CCA261C45B3B900B04589 /* BrandViewCell.swift */ = {isa = PBXFileReference; fileEncoding = 4; lastKnownFileType = sourcecode.swift; name = BrandViewCell.swift; path = View/ViewCell/BrandViewCell.swift; sourceTree = "<group>"; };
		849CCA281C45B3FB00B04589 /* LoginViewController.swift */ = {isa = PBXFileReference; fileEncoding = 4; lastKnownFileType = sourcecode.swift; name = LoginViewController.swift; path = View/ViewController/LoginViewController.swift; sourceTree = "<group>"; };
		849CCA2A1C45C4C500B04589 /* BrandTableViewController.swift */ = {isa = PBXFileReference; fileEncoding = 4; lastKnownFileType = sourcecode.swift; name = BrandTableViewController.swift; path = View/ViewController/BrandTableViewController.swift; sourceTree = "<group>"; };
		84BF46A81C710387003ABA67 /* PayPal.swift */ = {isa = PBXFileReference; fileEncoding = 4; lastKnownFileType = sourcecode.swift; name = PayPal.swift; path = Model/PayPal.swift; sourceTree = "<group>"; };
		84BF46AA1C71199A003ABA67 /* RoundRectLabel.swift */ = {isa = PBXFileReference; fileEncoding = 4; lastKnownFileType = sourcecode.swift; name = RoundRectLabel.swift; path = CustomUI/RoundRectLabel.swift; sourceTree = "<group>"; };
		84C84BA91C65E8EA00B14E70 /* LiveCartController.swift */ = {isa = PBXFileReference; fileEncoding = 4; lastKnownFileType = sourcecode.swift; name = LiveCartController.swift; path = Controller/LiveCartController.swift; sourceTree = "<group>"; };
		84C84BAB1C65EA1400B14E70 /* Country.swift */ = {isa = PBXFileReference; fileEncoding = 4; lastKnownFileType = sourcecode.swift; name = Country.swift; path = Model/Country.swift; sourceTree = "<group>"; };
		84C84BAD1C65EB0300B14E70 /* XmlCountryParser.swift */ = {isa = PBXFileReference; fileEncoding = 4; lastKnownFileType = sourcecode.swift; name = XmlCountryParser.swift; path = XMLDataParsers/XmlCountryParser.swift; sourceTree = "<group>"; };
		84C84C791C75391500AC71AD /* FeatureProductViewCell.swift */ = {isa = PBXFileReference; fileEncoding = 4; lastKnownFileType = sourcecode.swift; name = FeatureProductViewCell.swift; path = View/ViewCell/FeatureProductViewCell.swift; sourceTree = "<group>"; };
		84D340C41C701F2300AF216A /* Transaction.swift */ = {isa = PBXFileReference; fileEncoding = 4; lastKnownFileType = sourcecode.swift; name = Transaction.swift; path = Model/Transaction.swift; sourceTree = "<group>"; };
		84D340C61C70240B00AF216A /* XmlTransactionParser.swift */ = {isa = PBXFileReference; fileEncoding = 4; lastKnownFileType = sourcecode.swift; name = XmlTransactionParser.swift; path = XMLDataParsers/XmlTransactionParser.swift; sourceTree = "<group>"; };
		84D883001C6A217800A873A2 /* ProductVariation.swift */ = {isa = PBXFileReference; fileEncoding = 4; lastKnownFileType = sourcecode.swift; name = ProductVariation.swift; path = Model/ProductVariation.swift; sourceTree = "<group>"; };
		84DFDEE61C642ED30032D746 /* CheckoutViewController.swift */ = {isa = PBXFileReference; fileEncoding = 4; lastKnownFileType = sourcecode.swift; name = CheckoutViewController.swift; path = View/ViewController/CheckoutViewController.swift; sourceTree = "<group>"; };
		84DFDEE81C6430110032D746 /* ProductItemViewCell.swift */ = {isa = PBXFileReference; fileEncoding = 4; lastKnownFileType = sourcecode.swift; name = ProductItemViewCell.swift; path = View/ViewCell/ProductItemViewCell.swift; sourceTree = "<group>"; };
		84DFDEEA1C64396C0032D746 /* CustomerAddressCellView.swift */ = {isa = PBXFileReference; fileEncoding = 4; lastKnownFileType = sourcecode.swift; name = CustomerAddressCellView.swift; path = View/ViewCell/CustomerAddressCellView.swift; sourceTree = "<group>"; };
		84DFDEED1C643B550032D746 /* UserAddress.swift */ = {isa = PBXFileReference; fileEncoding = 4; lastKnownFileType = sourcecode.swift; name = UserAddress.swift; path = Model/UserAddress.swift; sourceTree = "<group>"; };
		84E663271C64F1CB00785A80 /* OrderTotalViewCell.swift */ = {isa = PBXFileReference; fileEncoding = 4; lastKnownFileType = sourcecode.swift; name = OrderTotalViewCell.swift; path = View/ViewCell/OrderTotalViewCell.swift; sourceTree = "<group>"; };
		84E663291C65253B00785A80 /* PlaceOrderCellView.swift */ = {isa = PBXFileReference; fileEncoding = 4; lastKnownFileType = sourcecode.swift; name = PlaceOrderCellView.swift; path = View/ViewCell/PlaceOrderCellView.swift; sourceTree = "<group>"; };
		84E6632E1C653F4300785A80 /* ZZAppDelegate.h */ = {isa = PBXFileReference; lastKnownFileType = sourcecode.c.h; path = ZZAppDelegate.h; sourceTree = "<group>"; };
		84E6632F1C653FFA00785A80 /* Accelerate.framework */ = {isa = PBXFileReference; lastKnownFileType = wrapper.framework; name = Accelerate.framework; path = System/Library/Frameworks/Accelerate.framework; sourceTree = SDKROOT; };
		84E663301C653FFA00785A80 /* AudioToolbox.framework */ = {isa = PBXFileReference; lastKnownFileType = wrapper.framework; name = AudioToolbox.framework; path = System/Library/Frameworks/AudioToolbox.framework; sourceTree = SDKROOT; };
		84E663311C653FFA00785A80 /* AVFoundation.framework */ = {isa = PBXFileReference; lastKnownFileType = wrapper.framework; name = AVFoundation.framework; path = System/Library/Frameworks/AVFoundation.framework; sourceTree = SDKROOT; };
		84E663321C653FFA00785A80 /* CoreLocation.framework */ = {isa = PBXFileReference; lastKnownFileType = wrapper.framework; name = CoreLocation.framework; path = System/Library/Frameworks/CoreLocation.framework; sourceTree = SDKROOT; };
		84E663331C653FFA00785A80 /* CoreMedia.framework */ = {isa = PBXFileReference; lastKnownFileType = wrapper.framework; name = CoreMedia.framework; path = System/Library/Frameworks/CoreMedia.framework; sourceTree = SDKROOT; };
		84E663341C653FFA00785A80 /* MessageUI.framework */ = {isa = PBXFileReference; lastKnownFileType = wrapper.framework; name = MessageUI.framework; path = System/Library/Frameworks/MessageUI.framework; sourceTree = SDKROOT; };
		84E663351C653FFA00785A80 /* MobileCoreServices.framework */ = {isa = PBXFileReference; lastKnownFileType = wrapper.framework; name = MobileCoreServices.framework; path = System/Library/Frameworks/MobileCoreServices.framework; sourceTree = SDKROOT; };
		84E663361C653FFA00785A80 /* SafariServices.framework */ = {isa = PBXFileReference; lastKnownFileType = wrapper.framework; name = SafariServices.framework; path = System/Library/Frameworks/SafariServices.framework; sourceTree = SDKROOT; };
		84E663371C653FFA00785A80 /* SystemConfiguration.framework */ = {isa = PBXFileReference; lastKnownFileType = wrapper.framework; name = SystemConfiguration.framework; path = System/Library/Frameworks/SystemConfiguration.framework; sourceTree = SDKROOT; };
		84FF032D1C62E49E003134E0 /* ShippingAddressViewController.swift */ = {isa = PBXFileReference; fileEncoding = 4; lastKnownFileType = sourcecode.swift; name = ShippingAddressViewController.swift; path = View/ViewController/ShippingAddressViewController.swift; sourceTree = "<group>"; };
		C53C7E8282D1DB32BD8719EA /* Pods_illuminataeyewear.framework */ = {isa = PBXFileReference; explicitFileType = wrapper.framework; includeInIndex = 0; path = Pods_illuminataeyewear.framework; sourceTree = BUILT_PRODUCTS_DIR; };
/* End PBXFileReference section */

/* Begin PBXFrameworksBuildPhase section */
		8431B4F11C44661A00398526 /* Frameworks */ = {
			isa = PBXFrameworksBuildPhase;
			buildActionMask = 2147483647;
			files = (
				84E6633D1C653FFA00785A80 /* MessageUI.framework in Frameworks */,
				84E663381C653FFA00785A80 /* Accelerate.framework in Frameworks */,
				84E663391C653FFA00785A80 /* AudioToolbox.framework in Frameworks */,
				84E6633A1C653FFA00785A80 /* AVFoundation.framework in Frameworks */,
				84E6633B1C653FFA00785A80 /* CoreLocation.framework in Frameworks */,
				84E6633C1C653FFA00785A80 /* CoreMedia.framework in Frameworks */,
				84E6633E1C653FFA00785A80 /* MobileCoreServices.framework in Frameworks */,
				84E6633F1C653FFA00785A80 /* SafariServices.framework in Frameworks */,
				84E663401C653FFA00785A80 /* SystemConfiguration.framework in Frameworks */,
				849506CC1C57F0E200B81E4E /* Kanna.framework in Frameworks */,
				84313D3B1C521FEB0060B52D /* libsqlite3.0.tbd in Frameworks */,
				94A19776719DFC689F074050 /* Pods_illuminataeyewear.framework in Frameworks */,
			);
			runOnlyForDeploymentPostprocessing = 0;
		};
		8431B5071C44661A00398526 /* Frameworks */ = {
			isa = PBXFrameworksBuildPhase;
			buildActionMask = 2147483647;
			files = (
			);
			runOnlyForDeploymentPostprocessing = 0;
		};
		8431B5121C44661A00398526 /* Frameworks */ = {
			isa = PBXFrameworksBuildPhase;
			buildActionMask = 2147483647;
			files = (
			);
			runOnlyForDeploymentPostprocessing = 0;
		};
/* End PBXFrameworksBuildPhase section */

/* Begin PBXGroup section */
		261A5951C4188D7BFD34AC71 /* Frameworks */ = {
			isa = PBXGroup;
			children = (
				84E6632F1C653FFA00785A80 /* Accelerate.framework */,
				84E663301C653FFA00785A80 /* AudioToolbox.framework */,
				84E663311C653FFA00785A80 /* AVFoundation.framework */,
				84E663321C653FFA00785A80 /* CoreLocation.framework */,
				84E663331C653FFA00785A80 /* CoreMedia.framework */,
				84E663341C653FFA00785A80 /* MessageUI.framework */,
				84E663351C653FFA00785A80 /* MobileCoreServices.framework */,
				84E663361C653FFA00785A80 /* SafariServices.framework */,
				84E663371C653FFA00785A80 /* SystemConfiguration.framework */,
				849506CB1C57F0E200B81E4E /* Kanna.framework */,
				849506C91C57EF7400B81E4E /* Kanna.framework */,
				849506C71C57EEB900B81E4E /* Kanna.framework */,
				849506C51C57EE7800B81E4E /* YouTubePlayer.framework */,
				849506C31C57E64000B81E4E /* Kanna.framework */,
				0E869747157E8CA1D9F787F0 /* Pods.framework */,
				C53C7E8282D1DB32BD8719EA /* Pods_illuminataeyewear.framework */,
			);
			name = Frameworks;
			sourceTree = "<group>";
		};
		273E960FB789156344CCD070 /* Pods */ = {
			isa = PBXGroup;
			children = (
				3ADEBFEB91003F9C990B09F1 /* Pods-illuminataeyewear.debug.xcconfig */,
				25710B0A3F71DF54BD23B581 /* Pods-illuminataeyewear.release.xcconfig */,
			);
			name = Pods;
			sourceTree = "<group>";
		};
		842FC5401C57B555008DA664 /* CustomUI */ = {
			isa = PBXGroup;
			children = (
				842FC5411C57B5A9008DA664 /* RoundRectButton.swift */,
				840C24C51C60124D0048B006 /* ExButton.swift */,
				840C24C71C6048B60048B006 /* PageViewController.swift */,
				84098BD91C68326C00000689 /* BusyAlert.swift */,
				84098BDB1C6838B300000689 /* ActivityIndicator.swift */,
				84BF46AA1C71199A003ABA67 /* RoundRectLabel.swift */,
			);
			name = CustomUI;
			sourceTree = "<group>";
		};
		84313D2F1C520FE70060B52D /* DBHelper */ = {
			isa = PBXGroup;
			children = (
				84313D3C1C5222C60060B52D /* Bridging-Header.h */,
				84313D361C521FC80060B52D /* SQLiteDB.swift */,
				84313D371C521FC80060B52D /* String-Extras.swift */,
				84313D3D1C5223A90060B52D /* DBWishProductTable.swift */,
				849A68771C60F90900C8B7F9 /* DBUserTable.swift */,
			);
			name = DBHelper;
			sourceTree = "<group>";
		};
		8431B4EB1C44661A00398526 = {
			isa = PBXGroup;
			children = (
				8430F44A1C523F4F00586940 /* data.db */,
				84313D3A1C521FEB0060B52D /* libsqlite3.0.tbd */,
				8431B4F61C44661A00398526 /* illuminataeyewear */,
				8431B50D1C44661A00398526 /* illuminataeyewearTests */,
				8431B5181C44661A00398526 /* illuminataeyewearUITests */,
				8431B53C1C44A42700398526 /* illuminataeyewear.app */,
				849CCA1D1C45911F00B04589 /* illuminataeyewearTests.xctest */,
				849CCA1E1C45911F00B04589 /* illuminataeyewearUITests.xctest */,
				261A5951C4188D7BFD34AC71 /* Frameworks */,
				273E960FB789156344CCD070 /* Pods */,
			);
			sourceTree = "<group>";
		};
		8431B4F61C44661A00398526 /* illuminataeyewear */ = {
			isa = PBXGroup;
			children = (
				849A68741C60DE5900C8B7F9 /* Controller */,
				842FC5401C57B555008DA664 /* CustomUI */,
				84313D2F1C520FE70060B52D /* DBHelper */,
				8432A8F81C517428009FADAC /* CoreDataModel */,
				843525761C4E3A480072B16B /* XMLDataParsers */,
				8450DEE41C47558000929E7D /* common */,
				849CCA251C45B29200B04589 /* View */,
				849CCA221C45B1C500B04589 /* Model */,
				8431B5291C44676B00398526 /* Resources */,
				8431B4F71C44661A00398526 /* AppDelegate.swift */,
				8431B4FD1C44661A00398526 /* Main.storyboard */,
				8431B5001C44661A00398526 /* Assets.xcassets */,
				8431B5021C44661A00398526 /* LaunchScreen.storyboard */,
				8431B5051C44661A00398526 /* Info.plist */,
				84E6632E1C653F4300785A80 /* ZZAppDelegate.h */,
			);
			path = illuminataeyewear;
			sourceTree = "<group>";
		};
		8431B50D1C44661A00398526 /* illuminataeyewearTests */ = {
			isa = PBXGroup;
			children = (
				8431B50E1C44661A00398526 /* illuminataeyewearTests.swift */,
				8431B5101C44661A00398526 /* Info.plist */,
			);
			path = illuminataeyewearTests;
			sourceTree = "<group>";
		};
		8431B5181C44661A00398526 /* illuminataeyewearUITests */ = {
			isa = PBXGroup;
			children = (
				8431B5191C44661A00398526 /* illuminataeyewearUITests.swift */,
				8431B51B1C44661A00398526 /* Info.plist */,
			);
			path = illuminataeyewearUITests;
			sourceTree = "<group>";
		};
		8431B5291C44676B00398526 /* Resources */ = {
			isa = PBXGroup;
			children = (
			);
			name = Resources;
			sourceTree = "<group>";
		};
		8431B52C1C44974600398526 /* ViewController */ = {
			isa = PBXGroup;
			children = (
				849CCA281C45B3FB00B04589 /* LoginViewController.swift */,
				849CCA2A1C45C4C500B04589 /* BrandTableViewController.swift */,
				840A688C1C45F69D0072FC42 /* ItemsBrandTableViewController.swift */,
				8435256C1C4DC2DA0072B16B /* ItemDetailViewController.swift */,
				843372771C525DCD0017F2A1 /* WishListTableViewController.swift */,
				8433A1C81C563B5E009EFCE6 /* HomeTableViewController.swift */,
				849506CD1C580F4800B81E4E /* NewsDetailsViewController.swift */,
				849618151C5C3363009CBD0D /* ShopingCartViewController.swift */,
				840C24C11C6003360048B006 /* ItemPageContentViewController.swift */,
				840C24C31C6007950048B006 /* ItemPageViewController.swift */,
				841474681C61B2F300C262FA /* ExtTabBarController.swift */,
				8424E4DF1C61D4C3007FA999 /* MoreTableViewController.swift */,
				84FF032D1C62E49E003134E0 /* ShippingAddressViewController.swift */,
				84DFDEE61C642ED30032D746 /* CheckoutViewController.swift */,
				84087E0C1C6D46A60060B13B /* ContactsViewController.swift */,
				842FACA21C6E42D200B5DFB3 /* UserAccountViewController.swift */,
				847562921C7649160088A9C7 /* UserTransactionTableViewController.swift */,
				847562961C76534D0088A9C7 /* AboutViewController.swift */,
				843460821C77848400D4D373 /* ShippingMethodViewController.swift */,
			);
			name = ViewController;
			sourceTree = "<group>";
		};
		8432A8F81C517428009FADAC /* CoreDataModel */ = {
			isa = PBXGroup;
			children = (
				8432A90A1C517820009FADAC /* WishProduct+CoreDataProperties.swift */,
				8432A90B1C517820009FADAC /* WishProduct.swift */,
				8432A9071C5177D3009FADAC /* IlluminCoreData.xcdatamodeld */,
			);
			name = CoreDataModel;
			sourceTree = "<group>";
		};
		843525761C4E3A480072B16B /* XMLDataParsers */ = {
			isa = PBXGroup;
			children = (
				843525771C4E3A750072B16B /* XmlPriceParser.swift */,
				843366E61C52B04A001E917E /* XmlBrandtParser.swift */,
				842FA3431C54129E0052E0E6 /* XmlNewsPostParser.swift */,
				84303FB51C56C21B0093AA25 /* XmlNewsTextParser.swift */,
				8406318C1C5BD2BE00B4AEFC /* XmlOrderParser.swift */,
				849A68721C60D91B00C8B7F9 /* XmlUserParser.swift */,
				843164B11C65961000D57E8A /* XmlStateParser.swift */,
				84C84BAD1C65EB0300B14E70 /* XmlCountryParser.swift */,
				8431CE001C669C080042B41A /* XmlUserAdddressParser.swift */,
				843CA3C01C6A3A7E005E6923 /* XmlProductVariationParser.swift */,
				843CA3C41C6A438D005E6923 /* XmlProductVariationValueParser.swift */,
				84D340C61C70240B00AF216A /* XmlTransactionParser.swift */,
				84356AA21C73FAAD000A2D16 /* XmlShippingAddressParser.swift */,
				84356AA61C7404C8000A2D16 /* XmlBillingAddressParser.swift */,
			);
			name = XMLDataParsers;
			sourceTree = "<group>";
		};
		8450DEE41C47558000929E7D /* common */ = {
			isa = PBXGroup;
			children = (
				843525701C4E264A0072B16B /* Extension.swift */,
				842F8BD01C535BF80048BE73 /* Constant.swift */,
				84303FB31C56B2AE0093AA25 /* Helper.swift */,
			);
			name = common;
			sourceTree = "<group>";
		};
		849A68741C60DE5900C8B7F9 /* Controller */ = {
			isa = PBXGroup;
			children = (
				849A68751C60DF0100C8B7F9 /* UserController.swift */,
				841474661C61414E00C262FA /* OrderController.swift */,
				84C84BA91C65E8EA00B14E70 /* LiveCartController.swift */,
			);
			name = Controller;
			sourceTree = "<group>";
		};
		849CCA211C45A18A00B04589 /* ViewCell */ = {
			isa = PBXGroup;
			children = (
				849CCA261C45B3B900B04589 /* BrandViewCell.swift */,
				840A688E1C45F8A10072FC42 /* BrandItemViewCell.swift */,
				843366E41C52A91B001E917E /* WishItemViewCell.swift */,
				8433A1CA1C565435009EFCE6 /* NewsPostViewCell.swift */,
				849618171C5C3550009CBD0D /* OrderViewCell.swift */,
				8424E4E11C61D5C6007FA999 /* MoreViewCell.swift */,
				84DFDEE81C6430110032D746 /* ProductItemViewCell.swift */,
				84DFDEEA1C64396C0032D746 /* CustomerAddressCellView.swift */,
				84E663271C64F1CB00785A80 /* OrderTotalViewCell.swift */,
				84E663291C65253B00785A80 /* PlaceOrderCellView.swift */,
				84087E0E1C6D66EF0060B13B /* ContactUsViewCell.swift */,
				84C84C791C75391500AC71AD /* FeatureProductViewCell.swift */,
				847562941C764F3D0088A9C7 /* TransactionViewCell.swift */,
			);
			name = ViewCell;
			sourceTree = "<group>";
		};
		849CCA221C45B1C500B04589 /* Model */ = {
			isa = PBXGroup;
			children = (
				849CCA231C45B1F000B04589 /* Brand.swift */,
				840A68901C45FA4D0072FC42 /* BrandItem.swift */,
				843525741C4E30A30072B16B /* PriceItem.swift */,
				84313D3F1C5224900060B52D /* WishItem.swift */,
				842FA3451C5413A60052E0E6 /* NewsPost.swift */,
				84303FB71C56D1220093AA25 /* SimpleNewsPost.swift */,
				8409ACE11C5B86C600E78C5A /* Order.swift */,
				849A68701C60D8F000C8B7F9 /* User.swift */,
				84DFDEED1C643B550032D746 /* UserAddress.swift */,
				8432B7CA1C658721006C8B61 /* State.swift */,
				84C84BAB1C65EA1400B14E70 /* Country.swift */,
				84098BD71C67875E00000689 /* BaseModel.swift */,
				84D883001C6A217800A873A2 /* ProductVariation.swift */,
				843CA3C21C6A419F005E6923 /* ProductVariationValue.swift */,
				84D340C41C701F2300AF216A /* Transaction.swift */,
				84BF46A81C710387003ABA67 /* PayPal.swift */,
				84356AA01C73F882000A2D16 /* ShippingAddress.swift */,
				84356AA41C74046F000A2D16 /* BillingAddress.swift */,
			);
			name = Model;
			sourceTree = "<group>";
		};
		849CCA251C45B29200B04589 /* View */ = {
			isa = PBXGroup;
			children = (
				8431B52C1C44974600398526 /* ViewController */,
				849CCA211C45A18A00B04589 /* ViewCell */,
			);
			name = View;
			sourceTree = "<group>";
		};
/* End PBXGroup section */

/* Begin PBXNativeTarget section */
		8431B4F31C44661A00398526 /* illuminataeyewear */ = {
			isa = PBXNativeTarget;
			buildConfigurationList = 8431B51E1C44661A00398526 /* Build configuration list for PBXNativeTarget "illuminataeyewear" */;
			buildPhases = (
				19EF1E701445B46A5462A897 /* Check Pods Manifest.lock */,
				8431B4F01C44661A00398526 /* Sources */,
				8431B4F11C44661A00398526 /* Frameworks */,
				8431B4F21C44661A00398526 /* Resources */,
				9D7A0117ACB18ED2743C3FAF /* Embed Pods Frameworks */,
				DAE6C4E9A935B3F6E9363E2E /* Copy Pods Resources */,
			);
			buildRules = (
			);
			dependencies = (
			);
			name = illuminataeyewear;
			productName = illuminataeyewear;
			productReference = 8431B53C1C44A42700398526 /* illuminataeyewear.app */;
			productType = "com.apple.product-type.application";
		};
		8431B5091C44661A00398526 /* illuminataeyewearTests */ = {
			isa = PBXNativeTarget;
			buildConfigurationList = 8431B5211C44661A00398526 /* Build configuration list for PBXNativeTarget "illuminataeyewearTests" */;
			buildPhases = (
				8431B5061C44661A00398526 /* Sources */,
				8431B5071C44661A00398526 /* Frameworks */,
				8431B5081C44661A00398526 /* Resources */,
			);
			buildRules = (
			);
			dependencies = (
				8431B50C1C44661A00398526 /* PBXTargetDependency */,
			);
			name = illuminataeyewearTests;
			productName = illuminataeyewearTests;
			productReference = 849CCA1D1C45911F00B04589 /* illuminataeyewearTests.xctest */;
			productType = "com.apple.product-type.bundle.unit-test";
		};
		8431B5141C44661A00398526 /* illuminataeyewearUITests */ = {
			isa = PBXNativeTarget;
			buildConfigurationList = 8431B5241C44661A00398526 /* Build configuration list for PBXNativeTarget "illuminataeyewearUITests" */;
			buildPhases = (
				8431B5111C44661A00398526 /* Sources */,
				8431B5121C44661A00398526 /* Frameworks */,
				8431B5131C44661A00398526 /* Resources */,
			);
			buildRules = (
			);
			dependencies = (
				8431B5171C44661A00398526 /* PBXTargetDependency */,
			);
			name = illuminataeyewearUITests;
			productName = illuminataeyewearUITests;
			productReference = 849CCA1E1C45911F00B04589 /* illuminataeyewearUITests.xctest */;
			productType = "com.apple.product-type.bundle.ui-testing";
		};
/* End PBXNativeTarget section */

/* Begin PBXProject section */
		8431B4EC1C44661A00398526 /* Project object */ = {
			isa = PBXProject;
			attributes = {
				LastSwiftUpdateCheck = 0720;
				LastUpgradeCheck = 0720;
				ORGANIZATIONNAME = illuminataeyewear;
				TargetAttributes = {
					8431B4F31C44661A00398526 = {
						CreatedOnToolsVersion = 7.2;
						DevelopmentTeam = P78S67YH83;
					};
					8431B5091C44661A00398526 = {
						CreatedOnToolsVersion = 7.2;
						TestTargetID = 8431B4F31C44661A00398526;
					};
					8431B5141C44661A00398526 = {
						CreatedOnToolsVersion = 7.2;
						TestTargetID = 8431B4F31C44661A00398526;
					};
				};
			};
			buildConfigurationList = 8431B4EF1C44661A00398526 /* Build configuration list for PBXProject "illuminataeyewear" */;
			compatibilityVersion = "Xcode 3.2";
			developmentRegion = English;
			hasScannedForEncodings = 0;
			knownRegions = (
				en,
				Base,
			);
			mainGroup = 8431B4EB1C44661A00398526;
			productRefGroup = 8431B4EB1C44661A00398526;
			projectDirPath = "";
			projectRoot = "";
			targets = (
				8431B4F31C44661A00398526 /* illuminataeyewear */,
				8431B5091C44661A00398526 /* illuminataeyewearTests */,
				8431B5141C44661A00398526 /* illuminataeyewearUITests */,
			);
		};
/* End PBXProject section */

/* Begin PBXResourcesBuildPhase section */
		8431B4F21C44661A00398526 /* Resources */ = {
			isa = PBXResourcesBuildPhase;
			buildActionMask = 2147483647;
			files = (
				8431B5041C44661A00398526 /* LaunchScreen.storyboard in Resources */,
				8430F44B1C523F4F00586940 /* data.db in Resources */,
				8431B5011C44661A00398526 /* Assets.xcassets in Resources */,
				8431B4FF1C44661A00398526 /* Main.storyboard in Resources */,
			);
			runOnlyForDeploymentPostprocessing = 0;
		};
		8431B5081C44661A00398526 /* Resources */ = {
			isa = PBXResourcesBuildPhase;
			buildActionMask = 2147483647;
			files = (
			);
			runOnlyForDeploymentPostprocessing = 0;
		};
		8431B5131C44661A00398526 /* Resources */ = {
			isa = PBXResourcesBuildPhase;
			buildActionMask = 2147483647;
			files = (
			);
			runOnlyForDeploymentPostprocessing = 0;
		};
/* End PBXResourcesBuildPhase section */

/* Begin PBXShellScriptBuildPhase section */
		19EF1E701445B46A5462A897 /* Check Pods Manifest.lock */ = {
			isa = PBXShellScriptBuildPhase;
			buildActionMask = 2147483647;
			files = (
			);
			inputPaths = (
			);
			name = "Check Pods Manifest.lock";
			outputPaths = (
			);
			runOnlyForDeploymentPostprocessing = 0;
			shellPath = /bin/sh;
			shellScript = "diff \"${PODS_ROOT}/../Podfile.lock\" \"${PODS_ROOT}/Manifest.lock\" > /dev/null\nif [[ $? != 0 ]] ; then\n    cat << EOM\nerror: The sandbox is not in sync with the Podfile.lock. Run 'pod install' or update your CocoaPods installation.\nEOM\n    exit 1\nfi\n";
			showEnvVarsInLog = 0;
		};
		9D7A0117ACB18ED2743C3FAF /* Embed Pods Frameworks */ = {
			isa = PBXShellScriptBuildPhase;
			buildActionMask = 2147483647;
			files = (
			);
			inputPaths = (
			);
			name = "Embed Pods Frameworks";
			outputPaths = (
			);
			runOnlyForDeploymentPostprocessing = 0;
			shellPath = /bin/sh;
			shellScript = "\"${SRCROOT}/Pods/Target Support Files/Pods-illuminataeyewear/Pods-illuminataeyewear-frameworks.sh\"\n";
			showEnvVarsInLog = 0;
		};
		DAE6C4E9A935B3F6E9363E2E /* Copy Pods Resources */ = {
			isa = PBXShellScriptBuildPhase;
			buildActionMask = 2147483647;
			files = (
			);
			inputPaths = (
			);
			name = "Copy Pods Resources";
			outputPaths = (
			);
			runOnlyForDeploymentPostprocessing = 0;
			shellPath = /bin/sh;
			shellScript = "\"${SRCROOT}/Pods/Target Support Files/Pods-illuminataeyewear/Pods-illuminataeyewear-resources.sh\"\n";
			showEnvVarsInLog = 0;
		};
/* End PBXShellScriptBuildPhase section */

/* Begin PBXSourcesBuildPhase section */
		8431B4F01C44661A00398526 /* Sources */ = {
			isa = PBXSourcesBuildPhase;
			buildActionMask = 2147483647;
			files = (
				843525751C4E30A30072B16B /* PriceItem.swift in Sources */,
				8435256D1C4DC2DA0072B16B /* ItemDetailViewController.swift in Sources */,
				84DFDEEB1C64396C0032D746 /* CustomerAddressCellView.swift in Sources */,
				842FC5421C57B5A9008DA664 /* RoundRectButton.swift in Sources */,
				84313D3E1C5223A90060B52D /* DBWishProductTable.swift in Sources */,
				84098BDA1C68326C00000689 /* BusyAlert.swift in Sources */,
				840A68911C45FA4D0072FC42 /* BrandItem.swift in Sources */,
				8432A90D1C517820009FADAC /* WishProduct.swift in Sources */,
				8409ACE21C5B86C600E78C5A /* Order.swift in Sources */,
				84356AA31C73FAAD000A2D16 /* XmlShippingAddressParser.swift in Sources */,
				841474691C61B2F300C262FA /* ExtTabBarController.swift in Sources */,
				84098BD81C67875E00000689 /* BaseModel.swift in Sources */,
				84303FB81C56D1220093AA25 /* SimpleNewsPost.swift in Sources */,
				84313D381C521FC80060B52D /* SQLiteDB.swift in Sources */,
				84303FB61C56C21B0093AA25 /* XmlNewsTextParser.swift in Sources */,
				84BF46AB1C71199A003ABA67 /* RoundRectLabel.swift in Sources */,
				84C84BAA1C65E8EA00B14E70 /* LiveCartController.swift in Sources */,
				8432A9091C5177D3009FADAC /* IlluminCoreData.xcdatamodeld in Sources */,
				843CA3C51C6A438D005E6923 /* XmlProductVariationValueParser.swift in Sources */,
				840C24C21C6003360048B006 /* ItemPageContentViewController.swift in Sources */,
				849CCA291C45B3FB00B04589 /* LoginViewController.swift in Sources */,
				843CA3C11C6A3A7E005E6923 /* XmlProductVariationParser.swift in Sources */,
				843366E51C52A91B001E917E /* WishItemViewCell.swift in Sources */,
				8432A90C1C517820009FADAC /* WishProduct+CoreDataProperties.swift in Sources */,
				84DFDEEE1C643B550032D746 /* UserAddress.swift in Sources */,
				8406318D1C5BD2BE00B4AEFC /* XmlOrderParser.swift in Sources */,
				849CCA241C45B1F000B04589 /* Brand.swift in Sources */,
				842F8BD11C535BF80048BE73 /* Constant.swift in Sources */,
				84D340C51C701F2300AF216A /* Transaction.swift in Sources */,
				849A68711C60D8F000C8B7F9 /* User.swift in Sources */,
				84FF032E1C62E49E003134E0 /* ShippingAddressViewController.swift in Sources */,
				84087E0D1C6D46A60060B13B /* ContactsViewController.swift in Sources */,
				842FA3441C54129E0052E0E6 /* XmlNewsPostParser.swift in Sources */,
				847562951C764F3D0088A9C7 /* TransactionViewCell.swift in Sources */,
				843366E71C52B04A001E917E /* XmlBrandtParser.swift in Sources */,
				841474671C61414E00C262FA /* OrderController.swift in Sources */,
				847562931C7649160088A9C7 /* UserTransactionTableViewController.swift in Sources */,
				84356AA71C7404C8000A2D16 /* XmlBillingAddressParser.swift in Sources */,
				84C84BAC1C65EA1400B14E70 /* Country.swift in Sources */,
				849A68761C60DF0100C8B7F9 /* UserController.swift in Sources */,
				849A68731C60D91B00C8B7F9 /* XmlUserParser.swift in Sources */,
				8432B7CB1C658721006C8B61 /* State.swift in Sources */,
				843525711C4E264A0072B16B /* Extension.swift in Sources */,
				84DFDEE71C642ED30032D746 /* CheckoutViewController.swift in Sources */,
				84E6632A1C65253B00785A80 /* PlaceOrderCellView.swift in Sources */,
				849618161C5C3363009CBD0D /* ShopingCartViewController.swift in Sources */,
				849A68781C60F90900C8B7F9 /* DBUserTable.swift in Sources */,
				849506CE1C580F4800B81E4E /* NewsDetailsViewController.swift in Sources */,
				8433A1CB1C565435009EFCE6 /* NewsPostViewCell.swift in Sources */,
				840A688F1C45F8A10072FC42 /* BrandItemViewCell.swift in Sources */,
				842FA3461C5413A60052E0E6 /* NewsPost.swift in Sources */,
				843460831C77848400D4D373 /* ShippingMethodViewController.swift in Sources */,
				840C24C41C6007950048B006 /* ItemPageViewController.swift in Sources */,
				849CCA2B1C45C4C500B04589 /* BrandTableViewController.swift in Sources */,
				849CCA271C45B3B900B04589 /* BrandViewCell.swift in Sources */,
				84313D391C521FC80060B52D /* String-Extras.swift in Sources */,
				84DFDEE91C6430110032D746 /* ProductItemViewCell.swift in Sources */,
				847562971C76534D0088A9C7 /* AboutViewController.swift in Sources */,
				843372781C525DCD0017F2A1 /* WishListTableViewController.swift in Sources */,
				840C24C81C6048B60048B006 /* PageViewController.swift in Sources */,
				8431B4F81C44661A00398526 /* AppDelegate.swift in Sources */,
				840A688D1C45F69D0072FC42 /* ItemsBrandTableViewController.swift in Sources */,
				843525781C4E3A750072B16B /* XmlPriceParser.swift in Sources */,
				84BF46A91C710387003ABA67 /* PayPal.swift in Sources */,
				8431CE011C669C080042B41A /* XmlUserAdddressParser.swift in Sources */,
				840C24C61C60124D0048B006 /* ExButton.swift in Sources */,
				8433A1C91C563B5E009EFCE6 /* HomeTableViewController.swift in Sources */,
				843CA3C31C6A419F005E6923 /* ProductVariationValue.swift in Sources */,
				84098BDC1C6838B300000689 /* ActivityIndicator.swift in Sources */,
				84E663281C64F1CB00785A80 /* OrderTotalViewCell.swift in Sources */,
				842FACA31C6E42D200B5DFB3 /* UserAccountViewController.swift in Sources */,
				8424E4E21C61D5C6007FA999 /* MoreViewCell.swift in Sources */,
				849618181C5C3550009CBD0D /* OrderViewCell.swift in Sources */,
				84356AA51C74046F000A2D16 /* BillingAddress.swift in Sources */,
				843164B21C65961000D57E8A /* XmlStateParser.swift in Sources */,
				84303FB41C56B2AE0093AA25 /* Helper.swift in Sources */,
				84313D401C5224900060B52D /* WishItem.swift in Sources */,
				8424E4E01C61D4C3007FA999 /* MoreTableViewController.swift in Sources */,
				84D340C71C70240B00AF216A /* XmlTransactionParser.swift in Sources */,
				84356AA11C73F882000A2D16 /* ShippingAddress.swift in Sources */,
				84C84BAE1C65EB0300B14E70 /* XmlCountryParser.swift in Sources */,
				84D883011C6A217800A873A2 /* ProductVariation.swift in Sources */,
				84087E0F1C6D66EF0060B13B /* ContactUsViewCell.swift in Sources */,
				84C84C7A1C75391500AC71AD /* FeatureProductViewCell.swift in Sources */,
			);
			runOnlyForDeploymentPostprocessing = 0;
		};
		8431B5061C44661A00398526 /* Sources */ = {
			isa = PBXSourcesBuildPhase;
			buildActionMask = 2147483647;
			files = (
				8431B50F1C44661A00398526 /* illuminataeyewearTests.swift in Sources */,
			);
			runOnlyForDeploymentPostprocessing = 0;
		};
		8431B5111C44661A00398526 /* Sources */ = {
			isa = PBXSourcesBuildPhase;
			buildActionMask = 2147483647;
			files = (
				8431B51A1C44661A00398526 /* illuminataeyewearUITests.swift in Sources */,
			);
			runOnlyForDeploymentPostprocessing = 0;
		};
/* End PBXSourcesBuildPhase section */

/* Begin PBXTargetDependency section */
		8431B50C1C44661A00398526 /* PBXTargetDependency */ = {
			isa = PBXTargetDependency;
			target = 8431B4F31C44661A00398526 /* illuminataeyewear */;
			targetProxy = 8431B50B1C44661A00398526 /* PBXContainerItemProxy */;
		};
		8431B5171C44661A00398526 /* PBXTargetDependency */ = {
			isa = PBXTargetDependency;
			target = 8431B4F31C44661A00398526 /* illuminataeyewear */;
			targetProxy = 8431B5161C44661A00398526 /* PBXContainerItemProxy */;
		};
/* End PBXTargetDependency section */

/* Begin PBXVariantGroup section */
		8431B4FD1C44661A00398526 /* Main.storyboard */ = {
			isa = PBXVariantGroup;
			children = (
				8431B4FE1C44661A00398526 /* Base */,
			);
			name = Main.storyboard;
			sourceTree = "<group>";
		};
		8431B5021C44661A00398526 /* LaunchScreen.storyboard */ = {
			isa = PBXVariantGroup;
			children = (
				8431B5031C44661A00398526 /* Base */,
			);
			name = LaunchScreen.storyboard;
			sourceTree = "<group>";
		};
/* End PBXVariantGroup section */

/* Begin XCBuildConfiguration section */
		8431B51C1C44661A00398526 /* Debug */ = {
			isa = XCBuildConfiguration;
			buildSettings = {
				ALWAYS_SEARCH_USER_PATHS = NO;
				CLANG_CXX_LANGUAGE_STANDARD = "gnu++0x";
				CLANG_CXX_LIBRARY = "libc++";
				CLANG_ENABLE_MODULES = YES;
				CLANG_ENABLE_OBJC_ARC = YES;
				CLANG_WARN_BOOL_CONVERSION = YES;
				CLANG_WARN_CONSTANT_CONVERSION = YES;
				CLANG_WARN_DIRECT_OBJC_ISA_USAGE = YES_ERROR;
				CLANG_WARN_EMPTY_BODY = YES;
				CLANG_WARN_ENUM_CONVERSION = YES;
				CLANG_WARN_INT_CONVERSION = YES;
				CLANG_WARN_OBJC_ROOT_CLASS = YES_ERROR;
				CLANG_WARN_UNREACHABLE_CODE = YES;
				CLANG_WARN__DUPLICATE_METHOD_MATCH = YES;
				"CODE_SIGN_IDENTITY[sdk=iphoneos*]" = "iPhone Developer";
				COPY_PHASE_STRIP = NO;
				DEBUG_INFORMATION_FORMAT = dwarf;
				ENABLE_STRICT_OBJC_MSGSEND = YES;
				ENABLE_TESTABILITY = YES;
				FRAMEWORK_SEARCH_PATHS = "";
				GCC_C_LANGUAGE_STANDARD = gnu99;
				GCC_DYNAMIC_NO_PIC = NO;
				GCC_NO_COMMON_BLOCKS = YES;
				GCC_OPTIMIZATION_LEVEL = 0;
				GCC_PREPROCESSOR_DEFINITIONS = (
					"DEBUG=1",
					"$(inherited)",
				);
				GCC_WARN_64_TO_32_BIT_CONVERSION = YES;
				GCC_WARN_ABOUT_RETURN_TYPE = YES_ERROR;
				GCC_WARN_UNDECLARED_SELECTOR = YES;
				GCC_WARN_UNINITIALIZED_AUTOS = YES_AGGRESSIVE;
				GCC_WARN_UNUSED_FUNCTION = YES;
				GCC_WARN_UNUSED_VARIABLE = YES;
				IPHONEOS_DEPLOYMENT_TARGET = 9.2;
				MTL_ENABLE_DEBUG_INFO = YES;
				ONLY_ACTIVE_ARCH = YES;
				SDKROOT = iphoneos;
				SWIFT_OPTIMIZATION_LEVEL = "-Onone";
				TARGETED_DEVICE_FAMILY = "1,2";
			};
			name = Debug;
		};
		8431B51D1C44661A00398526 /* Release */ = {
			isa = XCBuildConfiguration;
			buildSettings = {
				ALWAYS_SEARCH_USER_PATHS = NO;
				CLANG_CXX_LANGUAGE_STANDARD = "gnu++0x";
				CLANG_CXX_LIBRARY = "libc++";
				CLANG_ENABLE_MODULES = YES;
				CLANG_ENABLE_OBJC_ARC = YES;
				CLANG_WARN_BOOL_CONVERSION = YES;
				CLANG_WARN_CONSTANT_CONVERSION = YES;
				CLANG_WARN_DIRECT_OBJC_ISA_USAGE = YES_ERROR;
				CLANG_WARN_EMPTY_BODY = YES;
				CLANG_WARN_ENUM_CONVERSION = YES;
				CLANG_WARN_INT_CONVERSION = YES;
				CLANG_WARN_OBJC_ROOT_CLASS = YES_ERROR;
				CLANG_WARN_UNREACHABLE_CODE = YES;
				CLANG_WARN__DUPLICATE_METHOD_MATCH = YES;
				"CODE_SIGN_IDENTITY[sdk=iphoneos*]" = "iPhone Developer";
				COPY_PHASE_STRIP = NO;
				DEBUG_INFORMATION_FORMAT = "dwarf-with-dsym";
				ENABLE_NS_ASSERTIONS = NO;
				ENABLE_STRICT_OBJC_MSGSEND = YES;
				FRAMEWORK_SEARCH_PATHS = "";
				GCC_C_LANGUAGE_STANDARD = gnu99;
				GCC_NO_COMMON_BLOCKS = YES;
				GCC_WARN_64_TO_32_BIT_CONVERSION = YES;
				GCC_WARN_ABOUT_RETURN_TYPE = YES_ERROR;
				GCC_WARN_UNDECLARED_SELECTOR = YES;
				GCC_WARN_UNINITIALIZED_AUTOS = YES_AGGRESSIVE;
				GCC_WARN_UNUSED_FUNCTION = YES;
				GCC_WARN_UNUSED_VARIABLE = YES;
				IPHONEOS_DEPLOYMENT_TARGET = 9.2;
				MTL_ENABLE_DEBUG_INFO = NO;
				SDKROOT = iphoneos;
				TARGETED_DEVICE_FAMILY = "1,2";
				VALIDATE_PRODUCT = YES;
			};
			name = Release;
		};
		8431B51F1C44661A00398526 /* Debug */ = {
			isa = XCBuildConfiguration;
			baseConfigurationReference = 3ADEBFEB91003F9C990B09F1 /* Pods-illuminataeyewear.debug.xcconfig */;
			buildSettings = {
				ASSETCATALOG_COMPILER_APPICON_NAME = AppIcon;
				CODE_SIGN_IDENTITY = "iPhone Developer";
				"CODE_SIGN_IDENTITY[sdk=iphoneos*]" = "iPhone Developer";
				FRAMEWORK_SEARCH_PATHS = (
					"$(inherited)",
					"$(PROJECT_DIR)/build/Debug-iphoneos",
					"$(PROJECT_DIR)/build/Release-iphoneos",
				);
				HEADER_SEARCH_PATHS = (
					"$(SDKROOT)/usr/include/libxml2",
					"$(inherited)",
				);
				INFOPLIST_FILE = illuminataeyewear/Info.plist;
				LD_RUNPATH_SEARCH_PATHS = "$(inherited) @executable_path/Frameworks";
				PRODUCT_BUNDLE_IDENTIFIER = com.illuminataeyewear.illuminataeyewear;
				PRODUCT_NAME = "$(TARGET_NAME)";
				PROVISIONING_PROFILE = "";
				SWIFT_OBJC_BRIDGING_HEADER = "illuminataeyewear/DBHelper/Bridging-Header.h";
			};
			name = Debug;
		};
		8431B5201C44661A00398526 /* Release */ = {
			isa = XCBuildConfiguration;
			baseConfigurationReference = 25710B0A3F71DF54BD23B581 /* Pods-illuminataeyewear.release.xcconfig */;
			buildSettings = {
				ASSETCATALOG_COMPILER_APPICON_NAME = AppIcon;
				CODE_SIGN_IDENTITY = "iPhone Developer";
				"CODE_SIGN_IDENTITY[sdk=iphoneos*]" = "iPhone Developer";
				FRAMEWORK_SEARCH_PATHS = (
					"$(inherited)",
					"$(PROJECT_DIR)/build/Debug-iphoneos",
					"$(PROJECT_DIR)/build/Release-iphoneos",
				);
				HEADER_SEARCH_PATHS = (
					"$(SDKROOT)/usr/include/libxml2",
					"$(inherited)",
				);
				INFOPLIST_FILE = illuminataeyewear/Info.plist;
				LD_RUNPATH_SEARCH_PATHS = "$(inherited) @executable_path/Frameworks";
				PRODUCT_BUNDLE_IDENTIFIER = com.illuminataeyewear.illuminataeyewear;
				PRODUCT_NAME = "$(TARGET_NAME)";
				PROVISIONING_PROFILE = "";
				SWIFT_OBJC_BRIDGING_HEADER = "illuminataeyewear/DBHelper/Bridging-Header.h";
			};
			name = Release;
		};
		8431B5221C44661A00398526 /* Debug */ = {
			isa = XCBuildConfiguration;
			buildSettings = {
				BUNDLE_LOADER = "$(TEST_HOST)";
				INFOPLIST_FILE = illuminataeyewearTests/Info.plist;
				LD_RUNPATH_SEARCH_PATHS = "$(inherited) @executable_path/Frameworks @loader_path/Frameworks";
				PRODUCT_BUNDLE_IDENTIFIER = com.illuminataeyewear.illuminataeyewearTests;
				PRODUCT_NAME = "$(TARGET_NAME)";
				TEST_HOST = "$(BUILT_PRODUCTS_DIR)/illuminataeyewear.app/illuminataeyewear";
			};
			name = Debug;
		};
		8431B5231C44661A00398526 /* Release */ = {
			isa = XCBuildConfiguration;
			buildSettings = {
				BUNDLE_LOADER = "$(TEST_HOST)";
				INFOPLIST_FILE = illuminataeyewearTests/Info.plist;
				LD_RUNPATH_SEARCH_PATHS = "$(inherited) @executable_path/Frameworks @loader_path/Frameworks";
				PRODUCT_BUNDLE_IDENTIFIER = com.illuminataeyewear.illuminataeyewearTests;
				PRODUCT_NAME = "$(TARGET_NAME)";
				TEST_HOST = "$(BUILT_PRODUCTS_DIR)/illuminataeyewear.app/illuminataeyewear";
			};
			name = Release;
		};
		8431B5251C44661A00398526 /* Debug */ = {
			isa = XCBuildConfiguration;
			buildSettings = {
				INFOPLIST_FILE = illuminataeyewearUITests/Info.plist;
				LD_RUNPATH_SEARCH_PATHS = "$(inherited) @executable_path/Frameworks @loader_path/Frameworks";
				PRODUCT_BUNDLE_IDENTIFIER = com.illuminataeyewear.illuminataeyewearUITests;
				PRODUCT_NAME = "$(TARGET_NAME)";
				TEST_TARGET_NAME = illuminataeyewear;
				USES_XCTRUNNER = YES;
			};
			name = Debug;
		};
		8431B5261C44661A00398526 /* Release */ = {
			isa = XCBuildConfiguration;
			buildSettings = {
				INFOPLIST_FILE = illuminataeyewearUITests/Info.plist;
				LD_RUNPATH_SEARCH_PATHS = "$(inherited) @executable_path/Frameworks @loader_path/Frameworks";
				PRODUCT_BUNDLE_IDENTIFIER = com.illuminataeyewear.illuminataeyewearUITests;
				PRODUCT_NAME = "$(TARGET_NAME)";
				TEST_TARGET_NAME = illuminataeyewear;
				USES_XCTRUNNER = YES;
			};
			name = Release;
		};
/* End XCBuildConfiguration section */

/* Begin XCConfigurationList section */
		8431B4EF1C44661A00398526 /* Build configuration list for PBXProject "illuminataeyewear" */ = {
			isa = XCConfigurationList;
			buildConfigurations = (
				8431B51C1C44661A00398526 /* Debug */,
				8431B51D1C44661A00398526 /* Release */,
			);
			defaultConfigurationIsVisible = 0;
			defaultConfigurationName = Release;
		};
		8431B51E1C44661A00398526 /* Build configuration list for PBXNativeTarget "illuminataeyewear" */ = {
			isa = XCConfigurationList;
			buildConfigurations = (
				8431B51F1C44661A00398526 /* Debug */,
				8431B5201C44661A00398526 /* Release */,
			);
			defaultConfigurationIsVisible = 0;
			defaultConfigurationName = Release;
		};
		8431B5211C44661A00398526 /* Build configuration list for PBXNativeTarget "illuminataeyewearTests" */ = {
			isa = XCConfigurationList;
			buildConfigurations = (
				8431B5221C44661A00398526 /* Debug */,
				8431B5231C44661A00398526 /* Release */,
			);
			defaultConfigurationIsVisible = 0;
			defaultConfigurationName = Release;
		};
		8431B5241C44661A00398526 /* Build configuration list for PBXNativeTarget "illuminataeyewearUITests" */ = {
			isa = XCConfigurationList;
			buildConfigurations = (
				8431B5251C44661A00398526 /* Debug */,
				8431B5261C44661A00398526 /* Release */,
			);
			defaultConfigurationIsVisible = 0;
			defaultConfigurationName = Release;
		};
/* End XCConfigurationList section */

/* Begin XCVersionGroup section */
		8432A9071C5177D3009FADAC /* IlluminCoreData.xcdatamodeld */ = {
			isa = XCVersionGroup;
			children = (
				8432A9081C5177D3009FADAC /* IlluminCoreData.xcdatamodel */,
			);
			currentVersion = 8432A9081C5177D3009FADAC /* IlluminCoreData.xcdatamodel */;
			name = IlluminCoreData.xcdatamodeld;
			path = CoreDataModel/IlluminCoreData.xcdatamodeld;
			sourceTree = "<group>";
			versionGroupType = wrapper.xcdatamodel;
		};
/* End XCVersionGroup section */
	};
	rootObject = 8431B4EC1C44661A00398526 /* Project object */;
}
